
Microsoft Visual Studio Solution File, Format Version 12.00
# Visual Studio Version 17
VisualStudioVersion = 17.14.36203.30
MinimumVisualStudioVersion = 10.0.40219.1
Project("{FAE04EC0-301F-11D3-BF4B-00C04F79EFBC}") = "LogiHUB.API", "LogiHUB.API\LogiHUB.API.csproj", "{A94745D5-A5C6-4C61-9BE3-6AC367030512}"
EndProject
Project("{FAE04EC0-301F-11D3-BF4B-00C04F79EFBC}") = "LogiHUB.UI", "LogiHUB.UI\LogiHUB.UI.csproj", "{D900492D-B941-48A8-AB27-8E5EA258B2C7}"
EndProject
Project("{FAE04EC0-301F-11D3-BF4B-00C04F79EFBC}") = "LogiHUB.Shared", "LogiHUB.Shared\LogiHUB.Shared.csproj", "{2B305AC2-EC51-0DF9-D727-DB54904FEDE5}"
EndProject
Global
	GlobalSection(SolutionConfigurationPlatforms) = preSolution
		Debug|Any CPU = Debug|Any CPU
		Release|Any CPU = Release|Any CPU
	EndGlobalSection
	GlobalSection(ProjectConfigurationPlatforms) = postSolution
		{A94745D5-A5C6-4C61-9BE3-6AC367030512}.Debug|Any CPU.ActiveCfg = Debug|Any CPU
		{A94745D5-A5C6-4C61-9BE3-6AC367030512}.Debug|Any CPU.Build.0 = Debug|Any CPU
		{A94745D5-A5C6-4C61-9BE3-6AC367030512}.Release|Any CPU.ActiveCfg = Release|Any CPU
		{A94745D5-A5C6-4C61-9BE3-6AC367030512}.Release|Any CPU.Build.0 = Release|Any CPU
		{D900492D-B941-48A8-AB27-8E5EA258B2C7}.Debug|Any CPU.ActiveCfg = Debug|Any CPU
		{D900492D-B941-48A8-AB27-8E5EA258B2C7}.Debug|Any CPU.Build.0 = Debug|Any CPU
		{D900492D-B941-48A8-AB27-8E5EA258B2C7}.Release|Any CPU.ActiveCfg = Release|Any CPU
		{D900492D-B941-48A8-AB27-8E5EA258B2C7}.Release|Any CPU.Build.0 = Release|Any CPU
		{2B305AC2-EC51-0DF9-D727-DB54904FEDE5}.Debug|Any CPU.ActiveCfg = Debug|Any CPU
		{2B305AC2-EC51-0DF9-D727-DB54904FEDE5}.Debug|Any CPU.Build.0 = Debug|Any CPU
		{2B305AC2-EC51-0DF9-D727-DB54904FEDE5}.Release|Any CPU.ActiveCfg = Release|Any CPU
		{2B305AC2-EC51-0DF9-D727-DB54904FEDE5}.Release|Any CPU.Build.0 = Release|Any CPU
	EndGlobalSection
	GlobalSection(SolutionProperties) = preSolution
		HideSolutionNode = FALSE
	EndGlobalSection
	GlobalSection(ExtensibilityGlobals) = postSolution
		SolutionGuid = {248307B1-54C4-4455-842E-4928A0D6C23F}
	EndGlobalSection
EndGlobal
